
Microsoft Visual Studio Solution File, Format Version 12.00
# Visual Studio 15
VisualStudioVersion = 15.0.26730.16
MinimumVisualStudioVersion = 10.0.40219.1
Project("{FAE04EC0-301F-11D3-BF4B-00C04F79EFBC}") = "XamarinFormBaiDuMap.Android", "XamarinFormBaiDuMap\XamarinFormBaiDuMap.Android\XamarinFormBaiDuMap.Android.csproj", "{6DF823F7-1D0E-4FB7-B306-2331435C2ECC}"
EndProject
Project("{FAE04EC0-301F-11D3-BF4B-00C04F79EFBC}") = "XamarinFormBaiDuMap", "XamarinFormBaiDuMap\XamarinFormBaiDuMap\XamarinFormBaiDuMap.csproj", "{2BB72A14-8D4D-4970-988C-B01C56D2E395}"
EndProject
Project("{FAE04EC0-301F-11D3-BF4B-00C04F79EFBC}") = "XamarinFormBaiDuMap.iOS", "XamarinFormBaiDuMap\XamarinFormBaiDuMap.iOS\XamarinFormBaiDuMap.iOS.csproj", "{8A547010-664A-48A9-8D7C-D431D856D3B7}"
EndProject
Project("{FAE04EC0-301F-11D3-BF4B-00C04F79EFBC}") = "XamarinAndroid.BaiDuMapSDK", "XamarinAndroid.BaiDuMapSDK\XamarinAndroid.BaiDuMapSDK.csproj", "{BC503ECF-7559-4C30-ACDC-D2F65E9D5C0D}"
EndProject
Project("{FAE04EC0-301F-11D3-BF4B-00C04F79EFBC}") = "XamarinBaiDuMap.Android", "XamarinBaiDuMap.Android\XamarinBaiDuMap.Android.csproj", "{BFC7B362-AFA6-4DA3-B43E-B8FD72FDD00B}"
EndProject
Global
	GlobalSection(SolutionConfigurationPlatforms) = preSolution
		Ad-Hoc|Any CPU = Ad-Hoc|Any CPU
		Ad-Hoc|iPhone = Ad-Hoc|iPhone
		Ad-Hoc|iPhoneSimulator = Ad-Hoc|iPhoneSimulator
		AppStore|Any CPU = AppStore|Any CPU
		AppStore|iPhone = AppStore|iPhone
		AppStore|iPhoneSimulator = AppStore|iPhoneSimulator
		Debug|Any CPU = Debug|Any CPU
		Debug|iPhone = Debug|iPhone
		Debug|iPhoneSimulator = Debug|iPhoneSimulator
		Release|Any CPU = Release|Any CPU
		Release|iPhone = Release|iPhone
		Release|iPhoneSimulator = Release|iPhoneSimulator
	EndGlobalSection
	GlobalSection(ProjectConfigurationPlatforms) = postSolution
		{6DF823F7-1D0E-4FB7-B306-2331435C2ECC}.Ad-Hoc|Any CPU.ActiveCfg = Release|Any CPU
		{6DF823F7-1D0E-4FB7-B306-2331435C2ECC}.Ad-Hoc|Any CPU.Build.0 = Release|Any CPU
		{6DF823F7-1D0E-4FB7-B306-2331435C2ECC}.Ad-Hoc|Any CPU.Deploy.0 = Release|Any CPU
		{6DF823F7-1D0E-4FB7-B306-2331435C2ECC}.Ad-Hoc|iPhone.ActiveCfg = Release|Any CPU
		{6DF823F7-1D0E-4FB7-B306-2331435C2ECC}.Ad-Hoc|iPhone.Build.0 = Release|Any CPU
		{6DF823F7-1D0E-4FB7-B306-2331435C2ECC}.Ad-Hoc|iPhone.Deploy.0 = Release|Any CPU
		{6DF823F7-1D0E-4FB7-B306-2331435C2ECC}.Ad-Hoc|iPhoneSimulator.ActiveCfg = Release|Any CPU
		{6DF823F7-1D0E-4FB7-B306-2331435C2ECC}.Ad-Hoc|iPhoneSimulator.Build.0 = Release|Any CPU
		{6DF823F7-1D0E-4FB7-B306-2331435C2ECC}.Ad-Hoc|iPhoneSimulator.Deploy.0 = Release|Any CPU
		{6DF823F7-1D0E-4FB7-B306-2331435C2ECC}.AppStore|Any CPU.ActiveCfg = Release|Any CPU
		{6DF823F7-1D0E-4FB7-B306-2331435C2ECC}.AppStore|Any CPU.Build.0 = Release|Any CPU
		{6DF823F7-1D0E-4FB7-B306-2331435C2ECC}.AppStore|Any CPU.Deploy.0 = Release|Any CPU
		{6DF823F7-1D0E-4FB7-B306-2331435C2ECC}.AppStore|iPhone.ActiveCfg = Release|Any CPU
		{6DF823F7-1D0E-4FB7-B306-2331435C2ECC}.AppStore|iPhone.Build.0 = Release|Any CPU
		{6DF823F7-1D0E-4FB7-B306-2331435C2ECC}.AppStore|iPhone.Deploy.0 = Release|Any CPU
		{6DF823F7-1D0E-4FB7-B306-2331435C2ECC}.AppStore|iPhoneSimulator.ActiveCfg = Release|Any CPU
		{6DF823F7-1D0E-4FB7-B306-2331435C2ECC}.AppStore|iPhoneSimulator.Build.0 = Release|Any CPU
		{6DF823F7-1D0E-4FB7-B306-2331435C2ECC}.AppStore|iPhoneSimulator.Deploy.0 = Release|Any CPU
		{6DF823F7-1D0E-4FB7-B306-2331435C2ECC}.Debug|Any CPU.ActiveCfg = Debug|Any CPU
		{6DF823F7-1D0E-4FB7-B306-2331435C2ECC}.Debug|Any CPU.Build.0 = Debug|Any CPU
		{6DF823F7-1D0E-4FB7-B306-2331435C2ECC}.Debug|Any CPU.Deploy.0 = Debug|Any CPU
		{6DF823F7-1D0E-4FB7-B306-2331435C2ECC}.Debug|iPhone.ActiveCfg = Debug|Any CPU
		{6DF823F7-1D0E-4FB7-B306-2331435C2ECC}.Debug|iPhone.Build.0 = Debug|Any CPU
		{6DF823F7-1D0E-4FB7-B306-2331435C2ECC}.Debug|iPhone.Deploy.0 = Debug|Any CPU
		{6DF823F7-1D0E-4FB7-B306-2331435C2ECC}.Debug|iPhoneSimulator.ActiveCfg = Debug|Any CPU
		{6DF823F7-1D0E-4FB7-B306-2331435C2ECC}.Debug|iPhoneSimulator.Build.0 = Debug|Any CPU
		{6DF823F7-1D0E-4FB7-B306-2331435C2ECC}.Debug|iPhoneSimulator.Deploy.0 = Debug|Any CPU
		{6DF823F7-1D0E-4FB7-B306-2331435C2ECC}.Release|Any CPU.ActiveCfg = Release|Any CPU
		{6DF823F7-1D0E-4FB7-B306-2331435C2ECC}.Release|Any CPU.Build.0 = Release|Any CPU
		{6DF823F7-1D0E-4FB7-B306-2331435C2ECC}.Release|Any CPU.Deploy.0 = Release|Any CPU
		{6DF823F7-1D0E-4FB7-B306-2331435C2ECC}.Release|iPhone.ActiveCfg = Release|Any CPU
		{6DF823F7-1D0E-4FB7-B306-2331435C2ECC}.Release|iPhone.Build.0 = Release|Any CPU
		{6DF823F7-1D0E-4FB7-B306-2331435C2ECC}.Release|iPhone.Deploy.0 = Release|Any CPU
		{6DF823F7-1D0E-4FB7-B306-2331435C2ECC}.Release|iPhoneSimulator.ActiveCfg = Release|Any CPU
		{6DF823F7-1D0E-4FB7-B306-2331435C2ECC}.Release|iPhoneSimulator.Build.0 = Release|Any CPU
		{6DF823F7-1D0E-4FB7-B306-2331435C2ECC}.Release|iPhoneSimulator.Deploy.0 = Release|Any CPU
		{2BB72A14-8D4D-4970-988C-B01C56D2E395}.Ad-Hoc|Any CPU.ActiveCfg = Release|Any CPU
		{2BB72A14-8D4D-4970-988C-B01C56D2E395}.Ad-Hoc|Any CPU.Build.0 = Release|Any CPU
		{2BB72A14-8D4D-4970-988C-B01C56D2E395}.Ad-Hoc|iPhone.ActiveCfg = Release|Any CPU
		{2BB72A14-8D4D-4970-988C-B01C56D2E395}.Ad-Hoc|iPhone.Build.0 = Release|Any CPU
		{2BB72A14-8D4D-4970-988C-B01C56D2E395}.Ad-Hoc|iPhoneSimulator.ActiveCfg = Release|Any CPU
		{2BB72A14-8D4D-4970-988C-B01C56D2E395}.Ad-Hoc|iPhoneSimulator.Build.0 = Release|Any CPU
		{2BB72A14-8D4D-4970-988C-B01C56D2E395}.AppStore|Any CPU.ActiveCfg = Release|Any CPU
		{2BB72A14-8D4D-4970-988C-B01C56D2E395}.AppStore|Any CPU.Build.0 = Release|Any CPU
		{2BB72A14-8D4D-4970-988C-B01C56D2E395}.AppStore|iPhone.ActiveCfg = Release|Any CPU
		{2BB72A14-8D4D-4970-988C-B01C56D2E395}.AppStore|iPhone.Build.0 = Release|Any CPU
		{2BB72A14-8D4D-4970-988C-B01C56D2E395}.AppStore|iPhoneSimulator.ActiveCfg = Release|Any CPU
		{2BB72A14-8D4D-4970-988C-B01C56D2E395}.AppStore|iPhoneSimulator.Build.0 = Release|Any CPU
		{2BB72A14-8D4D-4970-988C-B01C56D2E395}.Debug|Any CPU.ActiveCfg = Debug|Any CPU
		{2BB72A14-8D4D-4970-988C-B01C56D2E395}.Debug|Any CPU.Build.0 = Debug|Any CPU
		{2BB72A14-8D4D-4970-988C-B01C56D2E395}.Debug|iPhone.ActiveCfg = Debug|Any CPU
		{2BB72A14-8D4D-4970-988C-B01C56D2E395}.Debug|iPhone.Build.0 = Debug|Any CPU
		{2BB72A14-8D4D-4970-988C-B01C56D2E395}.Debug|iPhoneSimulator.ActiveCfg = Debug|Any CPU
		{2BB72A14-8D4D-4970-988C-B01C56D2E395}.Debug|iPhoneSimulator.Build.0 = Debug|Any CPU
		{2BB72A14-8D4D-4970-988C-B01C56D2E395}.Release|Any CPU.ActiveCfg = Release|Any CPU
		{2BB72A14-8D4D-4970-988C-B01C56D2E395}.Release|Any CPU.Build.0 = Release|Any CPU
		{2BB72A14-8D4D-4970-988C-B01C56D2E395}.Release|iPhone.ActiveCfg = Release|Any CPU
		{2BB72A14-8D4D-4970-988C-B01C56D2E395}.Release|iPhone.Build.0 = Release|Any CPU
		{2BB72A14-8D4D-4970-988C-B01C56D2E395}.Release|iPhoneSimulator.ActiveCfg = Release|Any CPU
		{2BB72A14-8D4D-4970-988C-B01C56D2E395}.Release|iPhoneSimulator.Build.0 = Release|Any CPU
		{8A547010-664A-48A9-8D7C-D431D856D3B7}.Ad-Hoc|Any CPU.ActiveCfg = Ad-Hoc|iPhone
		{8A547010-664A-48A9-8D7C-D431D856D3B7}.Ad-Hoc|iPhone.ActiveCfg = Ad-Hoc|iPhone
		{8A547010-664A-48A9-8D7C-D431D856D3B7}.Ad-Hoc|iPhone.Build.0 = Ad-Hoc|iPhone
		{8A547010-664A-48A9-8D7C-D431D856D3B7}.Ad-Hoc|iPhoneSimulator.ActiveCfg = Ad-Hoc|iPhoneSimulator
		{8A547010-664A-48A9-8D7C-D431D856D3B7}.Ad-Hoc|iPhoneSimulator.Build.0 = Ad-Hoc|iPhoneSimulator
		{8A547010-664A-48A9-8D7C-D431D856D3B7}.AppStore|Any CPU.ActiveCfg = AppStore|iPhone
		{8A547010-664A-48A9-8D7C-D431D856D3B7}.AppStore|iPhone.ActiveCfg = AppStore|iPhone
		{8A547010-664A-48A9-8D7C-D431D856D3B7}.AppStore|iPhone.Build.0 = AppStore|iPhone
		{8A547010-664A-48A9-8D7C-D431D856D3B7}.AppStore|iPhoneSimulator.ActiveCfg = AppStore|iPhoneSimulator
		{8A547010-664A-48A9-8D7C-D431D856D3B7}.AppStore|iPhoneSimulator.Build.0 = AppStore|iPhoneSimulator
		{8A547010-664A-48A9-8D7C-D431D856D3B7}.Debug|Any CPU.ActiveCfg = Debug|iPhone
		{8A547010-664A-48A9-8D7C-D431D856D3B7}.Debug|iPhone.ActiveCfg = Debug|iPhone
		{8A547010-664A-48A9-8D7C-D431D856D3B7}.Debug|iPhone.Build.0 = Debug|iPhone
		{8A547010-664A-48A9-8D7C-D431D856D3B7}.Debug|iPhoneSimulator.ActiveCfg = Debug|iPhoneSimulator
		{8A547010-664A-48A9-8D7C-D431D856D3B7}.Debug|iPhoneSimulator.Build.0 = Debug|iPhoneSimulator
		{8A547010-664A-48A9-8D7C-D431D856D3B7}.Release|Any CPU.ActiveCfg = Release|iPhone
		{8A547010-664A-48A9-8D7C-D431D856D3B7}.Release|iPhone.ActiveCfg = Release|iPhone
		{8A547010-664A-48A9-8D7C-D431D856D3B7}.Release|iPhone.Build.0 = Release|iPhone
		{8A547010-664A-48A9-8D7C-D431D856D3B7}.Release|iPhoneSimulator.ActiveCfg = Release|iPhoneSimulator
		{8A547010-664A-48A9-8D7C-D431D856D3B7}.Release|iPhoneSimulator.Build.0 = Release|iPhoneSimulator
		{BC503ECF-7559-4C30-ACDC-D2F65E9D5C0D}.Ad-Hoc|Any CPU.ActiveCfg = Release|Any CPU
		{BC503ECF-7559-4C30-ACDC-D2F65E9D5C0D}.Ad-Hoc|Any CPU.Build.0 = Release|Any CPU
		{BC503ECF-7559-4C30-ACDC-D2F65E9D5C0D}.Ad-Hoc|iPhone.ActiveCfg = Release|Any CPU
		{BC503ECF-7559-4C30-ACDC-D2F65E9D5C0D}.Ad-Hoc|iPhone.Build.0 = Release|Any CPU
		{BC503ECF-7559-4C30-ACDC-D2F65E9D5C0D}.Ad-Hoc|iPhoneSimulator.ActiveCfg = Release|Any CPU
		{BC503ECF-7559-4C30-ACDC-D2F65E9D5C0D}.Ad-Hoc|iPhoneSimulator.Build.0 = Release|Any CPU
		{BC503ECF-7559-4C30-ACDC-D2F65E9D5C0D}.AppStore|Any CPU.ActiveCfg = Release|Any CPU
		{BC503ECF-7559-4C30-ACDC-D2F65E9D5C0D}.AppStore|Any CPU.Build.0 = Release|Any CPU
		{BC503ECF-7559-4C30-ACDC-D2F65E9D5C0D}.AppStore|iPhone.ActiveCfg = Release|Any CPU
		{BC503ECF-7559-4C30-ACDC-D2F65E9D5C0D}.AppStore|iPhone.Build.0 = Release|Any CPU
		{BC503ECF-7559-4C30-ACDC-D2F65E9D5C0D}.AppStore|iPhoneSimulator.ActiveCfg = Release|Any CPU
		{BC503ECF-7559-4C30-ACDC-D2F65E9D5C0D}.AppStore|iPhoneSimulator.Build.0 = Release|Any CPU
		{BC503ECF-7559-4C30-ACDC-D2F65E9D5C0D}.Debug|Any CPU.ActiveCfg = Debug|Any CPU
		{BC503ECF-7559-4C30-ACDC-D2F65E9D5C0D}.Debug|Any CPU.Build.0 = Debug|Any CPU
		{BC503ECF-7559-4C30-ACDC-D2F65E9D5C0D}.Debug|iPhone.ActiveCfg = Debug|Any CPU
		{BC503ECF-7559-4C30-ACDC-D2F65E9D5C0D}.Debug|iPhone.Build.0 = Debug|Any CPU
		{BC503ECF-7559-4C30-ACDC-D2F65E9D5C0D}.Debug|iPhoneSimulator.ActiveCfg = Debug|Any CPU
		{BC503ECF-7559-4C30-ACDC-D2F65E9D5C0D}.Debug|iPhoneSimulator.Build.0 = Debug|Any CPU
		{BC503ECF-7559-4C30-ACDC-D2F65E9D5C0D}.Release|Any CPU.ActiveCfg = Release|Any CPU
		{BC503ECF-7559-4C30-ACDC-D2F65E9D5C0D}.Release|Any CPU.Build.0 = Release|Any CPU
		{BC503ECF-7559-4C30-ACDC-D2F65E9D5C0D}.Release|iPhone.ActiveCfg = Release|Any CPU
		{BC503ECF-7559-4C30-ACDC-D2F65E9D5C0D}.Release|iPhone.Build.0 = Release|Any CPU
		{BC503ECF-7559-4C30-ACDC-D2F65E9D5C0D}.Release|iPhoneSimulator.ActiveCfg = Release|Any CPU
		{BC503ECF-7559-4C30-ACDC-D2F65E9D5C0D}.Release|iPhoneSimulator.Build.0 = Release|Any CPU
		{BFC7B362-AFA6-4DA3-B43E-B8FD72FDD00B}.Ad-Hoc|Any CPU.ActiveCfg = Release|Any CPU
		{BFC7B362-AFA6-4DA3-B43E-B8FD72FDD00B}.Ad-Hoc|Any CPU.Build.0 = Release|Any CPU
		{BFC7B362-AFA6-4DA3-B43E-B8FD72FDD00B}.Ad-Hoc|Any CPU.Deploy.0 = Release|Any CPU
		{BFC7B362-AFA6-4DA3-B43E-B8FD72FDD00B}.Ad-Hoc|iPhone.ActiveCfg = Release|Any CPU
		{BFC7B362-AFA6-4DA3-B43E-B8FD72FDD00B}.Ad-Hoc|iPhone.Build.0 = Release|Any CPU
		{BFC7B362-AFA6-4DA3-B43E-B8FD72FDD00B}.Ad-Hoc|iPhone.Deploy.0 = Release|Any CPU
		{BFC7B362-AFA6-4DA3-B43E-B8FD72FDD00B}.Ad-Hoc|iPhoneSimulator.ActiveCfg = Release|Any CPU
		{BFC7B362-AFA6-4DA3-B43E-B8FD72FDD00B}.Ad-Hoc|iPhoneSimulator.Build.0 = Release|Any CPU
		{BFC7B362-AFA6-4DA3-B43E-B8FD72FDD00B}.Ad-Hoc|iPhoneSimulator.Deploy.0 = Release|Any CPU
		{BFC7B362-AFA6-4DA3-B43E-B8FD72FDD00B}.AppStore|Any CPU.ActiveCfg = Release|Any CPU
		{BFC7B362-AFA6-4DA3-B43E-B8FD72FDD00B}.AppStore|Any CPU.Build.0 = Release|Any CPU
		{BFC7B362-AFA6-4DA3-B43E-B8FD72FDD00B}.AppStore|Any CPU.Deploy.0 = Release|Any CPU
		{BFC7B362-AFA6-4DA3-B43E-B8FD72FDD00B}.AppStore|iPhone.ActiveCfg = Release|Any CPU
		{BFC7B362-AFA6-4DA3-B43E-B8FD72FDD00B}.AppStore|iPhone.Build.0 = Release|Any CPU
		{BFC7B362-AFA6-4DA3-B43E-B8FD72FDD00B}.AppStore|iPhone.Deploy.0 = Release|Any CPU
		{BFC7B362-AFA6-4DA3-B43E-B8FD72FDD00B}.AppStore|iPhoneSimulator.ActiveCfg = Release|Any CPU
		{BFC7B362-AFA6-4DA3-B43E-B8FD72FDD00B}.AppStore|iPhoneSimulator.Build.0 = Release|Any CPU
		{BFC7B362-AFA6-4DA3-B43E-B8FD72FDD00B}.AppStore|iPhoneSimulator.Deploy.0 = Release|Any CPU
		{BFC7B362-AFA6-4DA3-B43E-B8FD72FDD00B}.Debug|Any CPU.ActiveCfg = Debug|Any CPU
		{BFC7B362-AFA6-4DA3-B43E-B8FD72FDD00B}.Debug|Any CPU.Build.0 = Debug|Any CPU
		{BFC7B362-AFA6-4DA3-B43E-B8FD72FDD00B}.Debug|Any CPU.Deploy.0 = Debug|Any CPU
		{BFC7B362-AFA6-4DA3-B43E-B8FD72FDD00B}.Debug|iPhone.ActiveCfg = Debug|Any CPU
		{BFC7B362-AFA6-4DA3-B43E-B8FD72FDD00B}.Debug|iPhone.Build.0 = Debug|Any CPU
		{BFC7B362-AFA6-4DA3-B43E-B8FD72FDD00B}.Debug|iPhone.Deploy.0 = Debug|Any CPU
		{BFC7B362-AFA6-4DA3-B43E-B8FD72FDD00B}.Debug|iPhoneSimulator.ActiveCfg = Debug|Any CPU
		{BFC7B362-AFA6-4DA3-B43E-B8FD72FDD00B}.Debug|iPhoneSimulator.Build.0 = Debug|Any CPU
		{BFC7B362-AFA6-4DA3-B43E-B8FD72FDD00B}.Debug|iPhoneSimulator.Deploy.0 = Debug|Any CPU
		{BFC7B362-AFA6-4DA3-B43E-B8FD72FDD00B}.Release|Any CPU.ActiveCfg = Release|Any CPU
		{BFC7B362-AFA6-4DA3-B43E-B8FD72FDD00B}.Release|Any CPU.Build.0 = Release|Any CPU
		{BFC7B362-AFA6-4DA3-B43E-B8FD72FDD00B}.Release|Any CPU.Deploy.0 = Release|Any CPU
		{BFC7B362-AFA6-4DA3-B43E-B8FD72FDD00B}.Release|iPhone.ActiveCfg = Release|Any CPU
		{BFC7B362-AFA6-4DA3-B43E-B8FD72FDD00B}.Release|iPhone.Build.0 = Release|Any CPU
		{BFC7B362-AFA6-4DA3-B43E-B8FD72FDD00B}.Release|iPhone.Deploy.0 = Release|Any CPU
		{BFC7B362-AFA6-4DA3-B43E-B8FD72FDD00B}.Release|iPhoneSimulator.ActiveCfg = Release|Any CPU
		{BFC7B362-AFA6-4DA3-B43E-B8FD72FDD00B}.Release|iPhoneSimulator.Build.0 = Release|Any CPU
		{BFC7B362-AFA6-4DA3-B43E-B8FD72FDD00B}.Release|iPhoneSimulator.Deploy.0 = Release|Any CPU
	EndGlobalSection
	GlobalSection(SolutionProperties) = preSolution
		HideSolutionNode = FALSE
	EndGlobalSection
	GlobalSection(ExtensibilityGlobals) = postSolution
		SolutionGuid = {88ED264F-71A4-4440-AFE8-375FBF6ABC3B}
	EndGlobalSection
EndGlobal
